
Microsoft Visual Studio Solution File, Format Version 12.00
# Visual Studio Express 2013 for Web
VisualStudioVersion = 12.0.30723.0
MinimumVisualStudioVersion = 10.0.40219.1
Project("{00D1A9C2-B5F0-4AF3-8072-F6C62B433612}") = "OceanInstruments.DB", "OceanInstruments.DB\OceanInstruments.DB.sqlproj", "{02EFDBD2-19CC-49AF-AD92-46494286897D}"
EndProject
Global
	GlobalSection(SolutionConfigurationPlatforms) = preSolution
		Debug|Any CPU = Debug|Any CPU
		Release|Any CPU = Release|Any CPU
	EndGlobalSection
	GlobalSection(ProjectConfigurationPlatforms) = postSolution
		{02EFDBD2-19CC-49AF-AD92-46494286897D}.Debug|Any CPU.ActiveCfg = Debug|Any CPU
		{02EFDBD2-19CC-49AF-AD92-46494286897D}.Debug|Any CPU.Build.0 = Debug|Any CPU
		{02EFDBD2-19CC-49AF-AD92-46494286897D}.Debug|Any CPU.Deploy.0 = Debug|Any CPU
		{02EFDBD2-19CC-49AF-AD92-46494286897D}.Release|Any CPU.ActiveCfg = Release|Any CPU
		{02EFDBD2-19CC-49AF-AD92-46494286897D}.Release|Any CPU.Build.0 = Release|Any CPU
		{02EFDBD2-19CC-49AF-AD92-46494286897D}.Release|Any CPU.Deploy.0 = Release|Any CPU
	EndGlobalSection
	GlobalSection(SolutionProperties) = preSolution
		HideSolutionNode = FALSE
	EndGlobalSection
EndGlobal
